
Microsoft Visual Studio Solution File, Format Version 12.00
# Visual Studio Version 17
VisualStudioVersion = 17.4.33213.308
MinimumVisualStudioVersion = 10.0.40219.1
Project("{FAE04EC0-301F-11D3-BF4B-00C04F79EFBC}") = "ContaBancaria", "ContaBancaria\ContaBancaria.csproj", "{745E35C6-89F3-498D-8489-7F67540C9C69}"
EndProject
Global
	GlobalSection(SolutionConfigurationPlatforms) = preSolution
		Debug|Any CPU = Debug|Any CPU
		Release|Any CPU = Release|Any CPU
	EndGlobalSection
	GlobalSection(ProjectConfigurationPlatforms) = postSolution
		{745E35C6-89F3-498D-8489-7F67540C9C69}.Debug|Any CPU.ActiveCfg = Debug|Any CPU
		{745E35C6-89F3-498D-8489-7F67540C9C69}.Debug|Any CPU.Build.0 = Debug|Any CPU
		{745E35C6-89F3-498D-8489-7F67540C9C69}.Release|Any CPU.ActiveCfg = Release|Any CPU
		{745E35C6-89F3-498D-8489-7F67540C9C69}.Release|Any CPU.Build.0 = Release|Any CPU
	EndGlobalSection
	GlobalSection(SolutionProperties) = preSolution
		HideSolutionNode = FALSE
	EndGlobalSection
	GlobalSection(ExtensibilityGlobals) = postSolution
		SolutionGuid = {D448D29A-0314-486C-911F-0E774B3B3439}
	EndGlobalSection
EndGlobal
